{
  "name": "astro-auto-load-e2e-test",
  "lockfileVersion": 3,
  "requires": true,
  "packages": {
    "": {
      "name": "astro-auto-load-e2e-test",
      "dependencies": {
        "astro-auto-load": "file:../.."
      }
    },
    "../..": {
      "version": "0.2.1",
      "license": "MIT",
      "devDependencies": {
        "@types/node": "^20.0.0",
        "astro": "^5.0.0",
        "typescript": "^5.0.0",
        "vitest": "^3.2.4"
      },
      "peerDependencies": {
        "astro": "^4.0.0 || ^5.0.0"
      }
    },
    "node_modules/astro-auto-load": {
      "resolved": "../..",
      "link": true
    }
  }
}
